{
  "name": "haeo",
  "lockfileVersion": 3,
  "requires": true,
  "packages": {
    "": {
      "name": "haeo",
      "dependencies": {
        "prettier": "^3.7.3",
        "prettier-plugin-sort-json": "^4.1.1"
      }
    },
    "node_modules/prettier": {
      "version": "3.7.3",
      "resolved": "https://registry.npmjs.org/prettier/-/prettier-3.7.3.tgz",
      "integrity": "sha512-QgODejq9K3OzoBbuyobZlUhznP5SKwPqp+6Q6xw6o8gnhr4O85L2U915iM2IDcfF2NPXVaM9zlo9tdwipnYwzg==",
      "bin": {
        "prettier": "bin/prettier.cjs"
      },
      "engines": {
        "node": ">=14"
      },
      "funding": {
        "url": "https://github.com/prettier/prettier?sponsor=1"
      }
    },
    "node_modules/prettier-plugin-sort-json": {
      "version": "4.1.1",
      "resolved": "https://registry.npmjs.org/prettier-plugin-sort-json/-/prettier-plugin-sort-json-4.1.1.tgz",
      "integrity": "sha512-uJ49wCzwJ/foKKV4tIPxqi4jFFvwUzw4oACMRG2dcmDhBKrxBv0L2wSKkAqHCmxKCvj0xcCZS4jO2kSJO/tRJw==",
      "engines": {
        "node": ">=18.0.0"
      },
      "peerDependencies": {
        "prettier": "^3.0.0"
      }
    }
  }
}
