{
  "name": "haeo",
  "lockfileVersion": 3,
  "requires": true,
  "packages": {
    "": {
      "name": "haeo",
      "dependencies": {
        "prettier": "^3.7.3",
        "prettier-plugin-sort-json": "^4.1.1"
      },
      "devDependencies": {
        "single-file-cli": "^2.0.83"
      }
    },
    "node_modules/prettier": {
      "version": "3.7.3",
      "resolved": "https://registry.npmjs.org/prettier/-/prettier-3.7.3.tgz",
      "integrity": "sha512-QgODejq9K3OzoBbuyobZlUhznP5SKwPqp+6Q6xw6o8gnhr4O85L2U915iM2IDcfF2NPXVaM9zlo9tdwipnYwzg==",
      "bin": {
        "prettier": "bin/prettier.cjs"
      },
      "engines": {
        "node": ">=14"
      },
      "funding": {
        "url": "https://github.com/prettier/prettier?sponsor=1"
      }
    },
    "node_modules/prettier-plugin-sort-json": {
      "version": "4.1.1",
      "resolved": "https://registry.npmjs.org/prettier-plugin-sort-json/-/prettier-plugin-sort-json-4.1.1.tgz",
      "integrity": "sha512-uJ49wCzwJ/foKKV4tIPxqi4jFFvwUzw4oACMRG2dcmDhBKrxBv0L2wSKkAqHCmxKCvj0xcCZS4jO2kSJO/tRJw==",
      "license": "MIT",
      "engines": {
        "node": ">=18.0.0"
      },
      "peerDependencies": {
        "prettier": "^3.0.0"
      }
    },
    "node_modules/simple-cdp": {
      "version": "1.8.6",
      "resolved": "https://registry.npmjs.org/simple-cdp/-/simple-cdp-1.8.6.tgz",
      "integrity": "sha512-c33zKvBOOIBfdfDCr++N8Dv6kY03wD+cGuu3MEiBJHC4LtHE5aSwjw5E+dOSeuXolS+8MoDzYuWrJdT+IFp8bw==",
      "dev": true,
      "engines": {
        "bun": ">=1.0",
        "deno": ">=1.4"
      }
    },
    "node_modules/single-file-cli": {
      "version": "2.0.83",
      "resolved": "https://registry.npmjs.org/single-file-cli/-/single-file-cli-2.0.83.tgz",
      "integrity": "sha512-MGKOyvuOgdw5HT1Z5lpzgr30O0uq34Tb6+kPRAbUp2rBMvpxdr0oxn0SqVV0x1oM0g5T8JzvQpUdloOVJkZZrA==",
      "dev": true,
      "dependencies": {
        "simple-cdp": "^1.8.6",
        "ws": "^8.18.3"
      },
      "bin": {
        "single-file": "single-file-node.js"
      },
      "engines": {
        "bun": ">=1.0",
        "deno": ">=1.4",
        "node": ">=20"
      }
    },
    "node_modules/ws": {
      "version": "8.18.3",
      "resolved": "https://registry.npmjs.org/ws/-/ws-8.18.3.tgz",
      "integrity": "sha512-PEIGCY5tSlUt50cqyMXfCzX+oOPqN0vuGqWzbcJ2xvnkzkq46oOpz7dQaTDBdfICb4N14+GARUDw2XV2N4tvzg==",
      "dev": true,
      "engines": {
        "node": ">=10.0.0"
      },
      "peerDependencies": {
        "bufferutil": "^4.0.1",
        "utf-8-validate": ">=5.0.2"
      },
      "peerDependenciesMeta": {
        "bufferutil": {
          "optional": true
        },
        "utf-8-validate": {
          "optional": true
        }
      }
    }
  }
}
